
Microsoft Visual Studio Solution File, Format Version 12.00
# Visual Studio Version 17
VisualStudioVersion = 17.5.33502.453
MinimumVisualStudioVersion = 10.0.40219.1
Project("{9A19103F-16F7-4668-BE54-9A1E7A4F7556}") = "E_Food_Admin", "E_Food_Admin\E_Food_Admin.csproj", "{83DE9010-E7C9-4E86-AE02-2FF03A5691B8}"
EndProject
Project("{FAE04EC0-301F-11D3-BF4B-00C04F79EFBC}") = "BussinessObject", "BussinessObject\BussinessObject.csproj", "{EBBB53F1-7D52-434C-85C0-54E97D43FF38}"
EndProject
Project("{FAE04EC0-301F-11D3-BF4B-00C04F79EFBC}") = "Repository", "Repository\Repository.csproj", "{078410EF-14A3-4642-A39D-5755F6CBF830}"
EndProject
Project("{FAE04EC0-301F-11D3-BF4B-00C04F79EFBC}") = "ViewLayer", "ViewLayer\ViewLayer.csproj", "{340E5078-0BBD-45E6-9BA4-24409951C70A}"
EndProject
Global
	GlobalSection(SolutionConfigurationPlatforms) = preSolution
		Debug|Any CPU = Debug|Any CPU
		Release|Any CPU = Release|Any CPU
	EndGlobalSection
	GlobalSection(ProjectConfigurationPlatforms) = postSolution
		{83DE9010-E7C9-4E86-AE02-2FF03A5691B8}.Debug|Any CPU.ActiveCfg = Debug|Any CPU
		{83DE9010-E7C9-4E86-AE02-2FF03A5691B8}.Debug|Any CPU.Build.0 = Debug|Any CPU
		{83DE9010-E7C9-4E86-AE02-2FF03A5691B8}.Release|Any CPU.ActiveCfg = Release|Any CPU
		{83DE9010-E7C9-4E86-AE02-2FF03A5691B8}.Release|Any CPU.Build.0 = Release|Any CPU
		{EBBB53F1-7D52-434C-85C0-54E97D43FF38}.Debug|Any CPU.ActiveCfg = Debug|Any CPU
		{EBBB53F1-7D52-434C-85C0-54E97D43FF38}.Debug|Any CPU.Build.0 = Debug|Any CPU
		{EBBB53F1-7D52-434C-85C0-54E97D43FF38}.Release|Any CPU.ActiveCfg = Release|Any CPU
		{EBBB53F1-7D52-434C-85C0-54E97D43FF38}.Release|Any CPU.Build.0 = Release|Any CPU
		{078410EF-14A3-4642-A39D-5755F6CBF830}.Debug|Any CPU.ActiveCfg = Debug|Any CPU
		{078410EF-14A3-4642-A39D-5755F6CBF830}.Debug|Any CPU.Build.0 = Debug|Any CPU
		{078410EF-14A3-4642-A39D-5755F6CBF830}.Release|Any CPU.ActiveCfg = Release|Any CPU
		{078410EF-14A3-4642-A39D-5755F6CBF830}.Release|Any CPU.Build.0 = Release|Any CPU
		{340E5078-0BBD-45E6-9BA4-24409951C70A}.Debug|Any CPU.ActiveCfg = Debug|Any CPU
		{340E5078-0BBD-45E6-9BA4-24409951C70A}.Debug|Any CPU.Build.0 = Debug|Any CPU
		{340E5078-0BBD-45E6-9BA4-24409951C70A}.Release|Any CPU.ActiveCfg = Release|Any CPU
		{340E5078-0BBD-45E6-9BA4-24409951C70A}.Release|Any CPU.Build.0 = Release|Any CPU
	EndGlobalSection
	GlobalSection(SolutionProperties) = preSolution
		HideSolutionNode = FALSE
	EndGlobalSection
	GlobalSection(ExtensibilityGlobals) = postSolution
		SolutionGuid = {7D18DA75-C67B-45CE-9756-E96E92DB5513}
	EndGlobalSection
EndGlobal
